PODS:
  - YouTubePlayer-Swift (1.0)

DEPENDENCIES:
  - YouTubePlayer-Swift (~> 1.0)

SPEC REPOS:
  https://github.com/CocoaPods/Specs.git:
    - YouTubePlayer-Swift

SPEC CHECKSUMS:
  YouTubePlayer-Swift: ae82f4bcb504162a872b852596a9dc1fa3828c34

PODFILE CHECKSUM: 50fbde23b90d7e8c2ef1bd5a866bebb152b4f17a

COCOAPODS: 1.5.0
