// !$*UTF8*$!
{
	archiveVersion = 1;
	classes = {
	};
	objectVersion = 50;
	objects = {

/* Begin PBXBuildFile section */
		221CCBC26493688B9635AC0D /* Pods_minionLogin.framework in Frameworks */ = {isa = PBXBuildFile; fileRef = 0286313E09221BE58F3E1DDC /* Pods_minionLogin.framework */; };
		48263BD9207CCDB7008B1E81 /* AppDelegate.swift in Sources */ = {isa = PBXBuildFile; fileRef = 48263BD8207CCDB7008B1E81 /* AppDelegate.swift */; };
		48263BDB207CCDB7008B1E81 /* ViewController.swift in Sources */ = {isa = PBXBuildFile; fileRef = 48263BDA207CCDB7008B1E81 /* ViewController.swift */; };
		48263BDE207CCDB7008B1E81 /* Main.storyboard in Resources */ = {isa = PBXBuildFile; fileRef = 48263BDC207CCDB7008B1E81 /* Main.storyboard */; };
		48263BE0207CCDB8008B1E81 /* Assets.xcassets in Resources */ = {isa = PBXBuildFile; fileRef = 48263BDF207CCDB8008B1E81 /* Assets.xcassets */; };
		48263BE3207CCDB8008B1E81 /* LaunchScreen.storyboard in Resources */ = {isa = PBXBuildFile; fileRef = 48263BE1207CCDB8008B1E81 /* LaunchScreen.storyboard */; };
		48263BEB207CCEC0008B1E81 /* GoogleService-Info.plist in Resources */ = {isa = PBXBuildFile; fileRef = 48263BEA207CCEC0008B1E81 /* GoogleService-Info.plist */; };
		48263BED207CD5D3008B1E81 /* SignUpVC.swift in Sources */ = {isa = PBXBuildFile; fileRef = 48263BEC207CD5D3008B1E81 /* SignUpVC.swift */; };
		48263BEF207CD79A008B1E81 /* SuccessVC.swift in Sources */ = {isa = PBXBuildFile; fileRef = 48263BEE207CD79A008B1E81 /* SuccessVC.swift */; };
/* End PBXBuildFile section */

/* Begin PBXFileReference section */
		0286313E09221BE58F3E1DDC /* Pods_minionLogin.framework */ = {isa = PBXFileReference; explicitFileType = wrapper.framework; includeInIndex = 0; path = Pods_minionLogin.framework; sourceTree = BUILT_PRODUCTS_DIR; };
		0C2E9B20E5320A4162F6D98A /* Pods-minionLogin.release.xcconfig */ = {isa = PBXFileReference; includeInIndex = 1; lastKnownFileType = text.xcconfig; name = "Pods-minionLogin.release.xcconfig"; path = "Pods/Target Support Files/Pods-minionLogin/Pods-minionLogin.release.xcconfig"; sourceTree = "<group>"; };
		48263BD5207CCDB7008B1E81 /* minionLogin.app */ = {isa = PBXFileReference; explicitFileType = wrapper.application; includeInIndex = 0; path = minionLogin.app; sourceTree = BUILT_PRODUCTS_DIR; };
		48263BD8207CCDB7008B1E81 /* AppDelegate.swift */ = {isa = PBXFileReference; lastKnownFileType = sourcecode.swift; path = AppDelegate.swift; sourceTree = "<group>"; };
		48263BDA207CCDB7008B1E81 /* ViewController.swift */ = {isa = PBXFileReference; lastKnownFileType = sourcecode.swift; path = ViewController.swift; sourceTree = "<group>"; };
		48263BDD207CCDB7008B1E81 /* Base */ = {isa = PBXFileReference; lastKnownFileType = file.storyboard; name = Base; path = Base.lproj/Main.storyboard; sourceTree = "<group>"; };
		48263BDF207CCDB8008B1E81 /* Assets.xcassets */ = {isa = PBXFileReference; lastKnownFileType = folder.assetcatalog; path = Assets.xcassets; sourceTree = "<group>"; };
		48263BE2207CCDB8008B1E81 /* Base */ = {isa = PBXFileReference; lastKnownFileType = file.storyboard; name = Base; path = Base.lproj/LaunchScreen.storyboard; sourceTree = "<group>"; };
		48263BE4207CCDB8008B1E81 /* Info.plist */ = {isa = PBXFileReference; lastKnownFileType = text.plist.xml; path = Info.plist; sourceTree = "<group>"; };
		48263BEA207CCEC0008B1E81 /* GoogleService-Info.plist */ = {isa = PBXFileReference; fileEncoding = 4; lastKnownFileType = text.plist.xml; path = "GoogleService-Info.plist"; sourceTree = "<group>"; };
		48263BEC207CD5D3008B1E81 /* SignUpVC.swift */ = {isa = PBXFileReference; lastKnownFileType = sourcecode.swift; path = SignUpVC.swift; sourceTree = "<group>"; };
		48263BEE207CD79A008B1E81 /* SuccessVC.swift */ = {isa = PBXFileReference; lastKnownFileType = sourcecode.swift; path = SuccessVC.swift; sourceTree = "<group>"; };
		7DBC84C82EDE79F986F9666C /* Pods-minionLogin.debug.xcconfig */ = {isa = PBXFileReference; includeInIndex = 1; lastKnownFileType = text.xcconfig; name = "Pods-minionLogin.debug.xcconfig"; path = "Pods/Target Support Files/Pods-minionLogin/Pods-minionLogin.debug.xcconfig"; sourceTree = "<group>"; };
/* End PBXFileReference section */

/* Begin PBXFrameworksBuildPhase section */
		48263BD2207CCDB7008B1E81 /* Frameworks */ = {
			isa = PBXFrameworksBuildPhase;
			buildActionMask = 2147483647;
			files = (
				221CCBC26493688B9635AC0D /* Pods_minionLogin.framework in Frameworks */,
			);
			runOnlyForDeploymentPostprocessing = 0;
		};
/* End PBXFrameworksBuildPhase section */

/* Begin PBXGroup section */
		48263BCC207CCDB7008B1E81 = {
			isa = PBXGroup;
			children = (
				48263BD7207CCDB7008B1E81 /* minionLogin */,
				48263BD6207CCDB7008B1E81 /* Products */,
				AD33AF3DBF69F7459189B3CF /* Pods */,
				63BB056E0836775DEE2904A2 /* Frameworks */,
			);
			sourceTree = "<group>";
		};
		48263BD6207CCDB7008B1E81 /* Products */ = {
			isa = PBXGroup;
			children = (
				48263BD5207CCDB7008B1E81 /* minionLogin.app */,
			);
			name = Products;
			sourceTree = "<group>";
		};
		48263BD7207CCDB7008B1E81 /* minionLogin */ = {
			isa = PBXGroup;
			children = (
				48263BD8207CCDB7008B1E81 /* AppDelegate.swift */,
				48263BF0207CD7D1008B1E81 /* Controllers */,
				48263BDC207CCDB7008B1E81 /* Main.storyboard */,
				48263BDF207CCDB8008B1E81 /* Assets.xcassets */,
				48263BE1207CCDB8008B1E81 /* LaunchScreen.storyboard */,
				48263BE4207CCDB8008B1E81 /* Info.plist */,
				48263BEA207CCEC0008B1E81 /* GoogleService-Info.plist */,
			);
			path = minionLogin;
			sourceTree = "<group>";
		};
		48263BF0207CD7D1008B1E81 /* Controllers */ = {
			isa = PBXGroup;
			children = (
				48263BDA207CCDB7008B1E81 /* ViewController.swift */,
				48263BEC207CD5D3008B1E81 /* SignUpVC.swift */,
				48263BEE207CD79A008B1E81 /* SuccessVC.swift */,
			);
			path = Controllers;
			sourceTree = "<group>";
		};
		63BB056E0836775DEE2904A2 /* Frameworks */ = {
			isa = PBXGroup;
			children = (
				0286313E09221BE58F3E1DDC /* Pods_minionLogin.framework */,
			);
			name = Frameworks;
			sourceTree = "<group>";
		};
		AD33AF3DBF69F7459189B3CF /* Pods */ = {
			isa = PBXGroup;
			children = (
				7DBC84C82EDE79F986F9666C /* Pods-minionLogin.debug.xcconfig */,
				0C2E9B20E5320A4162F6D98A /* Pods-minionLogin.release.xcconfig */,
			);
			name = Pods;
			sourceTree = "<group>";
		};
/* End PBXGroup section */

/* Begin PBXNativeTarget section */
		48263BD4207CCDB7008B1E81 /* minionLogin */ = {
			isa = PBXNativeTarget;
			buildConfigurationList = 48263BE7207CCDB8008B1E81 /* Build configuration list for PBXNativeTarget "minionLogin" */;
			buildPhases = (
				39C392F7C84298CB819AFD09 /* [CP] Check Pods Manifest.lock */,
				48263BD1207CCDB7008B1E81 /* Sources */,
				48263BD2207CCDB7008B1E81 /* Frameworks */,
				48263BD3207CCDB7008B1E81 /* Resources */,
				E6C17335693AF3DBA1273E4F /* [CP] Embed Pods Frameworks */,
			);
			buildRules = (
			);
			dependencies = (
			);
			name = minionLogin;
			productName = minionLogin;
			productReference = 48263BD5207CCDB7008B1E81 /* minionLogin.app */;
			productType = "com.apple.product-type.application";
		};
/* End PBXNativeTarget section */

/* Begin PBXProject section */
		48263BCD207CCDB7008B1E81 /* Project object */ = {
			isa = PBXProject;
			attributes = {
				LastSwiftUpdateCheck = 0930;
				LastUpgradeCheck = 0930;
				ORGANIZATIONNAME = "Jasbeer Singh";
				TargetAttributes = {
					48263BD4207CCDB7008B1E81 = {
						CreatedOnToolsVersion = 9.3;
					};
				};
			};
			buildConfigurationList = 48263BD0207CCDB7008B1E81 /* Build configuration list for PBXProject "minionLogin" */;
			compatibilityVersion = "Xcode 9.3";
			developmentRegion = en;
			hasScannedForEncodings = 0;
			knownRegions = (
				en,
				Base,
			);
			mainGroup = 48263BCC207CCDB7008B1E81;
			productRefGroup = 48263BD6207CCDB7008B1E81 /* Products */;
			projectDirPath = "";
			projectRoot = "";
			targets = (
				48263BD4207CCDB7008B1E81 /* minionLogin */,
			);
		};
/* End PBXProject section */

/* Begin PBXResourcesBuildPhase section */
		48263BD3207CCDB7008B1E81 /* Resources */ = {
			isa = PBXResourcesBuildPhase;
			buildActionMask = 2147483647;
			files = (
				48263BE3207CCDB8008B1E81 /* LaunchScreen.storyboard in Resources */,
				48263BEB207CCEC0008B1E81 /* GoogleService-Info.plist in Resources */,
				48263BE0207CCDB8008B1E81 /* Assets.xcassets in Resources */,
				48263BDE207CCDB7008B1E81 /* Main.storyboard in Resources */,
			);
			runOnlyForDeploymentPostprocessing = 0;
		};
/* End PBXResourcesBuildPhase section */

/* Begin PBXShellScriptBuildPhase section */
		39C392F7C84298CB819AFD09 /* [CP] Check Pods Manifest.lock */ = {
			isa = PBXShellScriptBuildPhase;
			buildActionMask = 2147483647;
			files = (
			);
			inputPaths = (
				"${PODS_PODFILE_DIR_PATH}/Podfile.lock",
				"${PODS_ROOT}/Manifest.lock",
			);
			name = "[CP] Check Pods Manifest.lock";
			outputPaths = (
				"$(DERIVED_FILE_DIR)/Pods-minionLogin-checkManifestLockResult.txt",
			);
			runOnlyForDeploymentPostprocessing = 0;
			shellPath = /bin/sh;
			shellScript = "diff \"${PODS_PODFILE_DIR_PATH}/Podfile.lock\" \"${PODS_ROOT}/Manifest.lock\" > /dev/null\nif [ $? != 0 ] ; then\n    # print error to STDERR\n    echo \"error: The sandbox is not in sync with the Podfile.lock. Run 'pod install' or update your CocoaPods installation.\" >&2\n    exit 1\nfi\n# This output is used by Xcode 'outputs' to avoid re-running this script phase.\necho \"SUCCESS\" > \"${SCRIPT_OUTPUT_FILE_0}\"\n";
			showEnvVarsInLog = 0;
		};
		E6C17335693AF3DBA1273E4F /* [CP] Embed Pods Frameworks */ = {
			isa = PBXShellScriptBuildPhase;
			buildActionMask = 2147483647;
			files = (
			);
			inputPaths = (
				"${SRCROOT}/Pods/Target Support Files/Pods-minionLogin/Pods-minionLogin-frameworks.sh",
				"${BUILT_PRODUCTS_DIR}/GTMSessionFetcher/GTMSessionFetcher.framework",
				"${BUILT_PRODUCTS_DIR}/GoogleToolboxForMac/GoogleToolboxForMac.framework",
				"${BUILT_PRODUCTS_DIR}/leveldb-library/leveldb.framework",
				"${BUILT_PRODUCTS_DIR}/nanopb/nanopb.framework",
			);
			name = "[CP] Embed Pods Frameworks";
			outputPaths = (
				"${TARGET_BUILD_DIR}/${FRAMEWORKS_FOLDER_PATH}/GTMSessionFetcher.framework",
				"${TARGET_BUILD_DIR}/${FRAMEWORKS_FOLDER_PATH}/GoogleToolboxForMac.framework",
				"${TARGET_BUILD_DIR}/${FRAMEWORKS_FOLDER_PATH}/leveldb.framework",
				"${TARGET_BUILD_DIR}/${FRAMEWORKS_FOLDER_PATH}/nanopb.framework",
			);
			runOnlyForDeploymentPostprocessing = 0;
			shellPath = /bin/sh;
			shellScript = "\"${SRCROOT}/Pods/Target Support Files/Pods-minionLogin/Pods-minionLogin-frameworks.sh\"\n";
			showEnvVarsInLog = 0;
		};
/* End PBXShellScriptBuildPhase section */

/* Begin PBXSourcesBuildPhase section */
		48263BD1207CCDB7008B1E81 /* Sources */ = {
			isa = PBXSourcesBuildPhase;
			buildActionMask = 2147483647;
			files = (
				48263BEF207CD79A008B1E81 /* SuccessVC.swift in Sources */,
				48263BDB207CCDB7008B1E81 /* ViewController.swift in Sources */,
				48263BED207CD5D3008B1E81 /* SignUpVC.swift in Sources */,
				48263BD9207CCDB7008B1E81 /* AppDelegate.swift in Sources */,
			);
			runOnlyForDeploymentPostprocessing = 0;
		};
/* End PBXSourcesBuildPhase section */

/* Begin PBXVariantGroup section */
		48263BDC207CCDB7008B1E81 /* Main.storyboard */ = {
			isa = PBXVariantGroup;
			children = (
				48263BDD207CCDB7008B1E81 /* Base */,
			);
			name = Main.storyboard;
			sourceTree = "<group>";
		};
		48263BE1207CCDB8008B1E81 /* LaunchScreen.storyboard */ = {
			isa = PBXVariantGroup;
			children = (
				48263BE2207CCDB8008B1E81 /* Base */,
			);
			name = LaunchScreen.storyboard;
			sourceTree = "<group>";
		};
/* End PBXVariantGroup section */

/* Begin XCBuildConfiguration section */
		48263BE5207CCDB8008B1E81 /* Debug */ = {
			isa = XCBuildConfiguration;
			buildSettings = {
				ALWAYS_SEARCH_USER_PATHS = NO;
				CLANG_ANALYZER_NONNULL = YES;
				CLANG_ANALYZER_NUMBER_OBJECT_CONVERSION = YES_AGGRESSIVE;
				CLANG_CXX_LANGUAGE_STANDARD = "gnu++14";
				CLANG_CXX_LIBRARY = "libc++";
				CLANG_ENABLE_MODULES = YES;
				CLANG_ENABLE_OBJC_ARC = YES;
				CLANG_ENABLE_OBJC_WEAK = YES;
				CLANG_WARN_BLOCK_CAPTURE_AUTORELEASING = YES;
				CLANG_WARN_BOOL_CONVERSION = YES;
				CLANG_WARN_COMMA = YES;
				CLANG_WARN_CONSTANT_CONVERSION = YES;
				CLANG_WARN_DEPRECATED_OBJC_IMPLEMENTATIONS = YES;
				CLANG_WARN_DIRECT_OBJC_ISA_USAGE = YES_ERROR;
				CLANG_WARN_DOCUMENTATION_COMMENTS = YES;
				CLANG_WARN_EMPTY_BODY = YES;
				CLANG_WARN_ENUM_CONVERSION = YES;
				CLANG_WARN_INFINITE_RECURSION = YES;
				CLANG_WARN_INT_CONVERSION = YES;
				CLANG_WARN_NON_LITERAL_NULL_CONVERSION = YES;
				CLANG_WARN_OBJC_IMPLICIT_RETAIN_SELF = YES;
				CLANG_WARN_OBJC_LITERAL_CONVERSION = YES;
				CLANG_WARN_OBJC_ROOT_CLASS = YES_ERROR;
				CLANG_WARN_RANGE_LOOP_ANALYSIS = YES;
				CLANG_WARN_STRICT_PROTOTYPES = YES;
				CLANG_WARN_SUSPICIOUS_MOVE = YES;
				CLANG_WARN_UNGUARDED_AVAILABILITY = YES_AGGRESSIVE;
				CLANG_WARN_UNREACHABLE_CODE = YES;
				CLANG_WARN__DUPLICATE_METHOD_MATCH = YES;
				CODE_SIGN_IDENTITY = "iPhone Developer";
				COPY_PHASE_STRIP = NO;
				DEBUG_INFORMATION_FORMAT = dwarf;
				ENABLE_STRICT_OBJC_MSGSEND = YES;
				ENABLE_TESTABILITY = YES;
				GCC_C_LANGUAGE_STANDARD = gnu11;
				GCC_DYNAMIC_NO_PIC = NO;
				GCC_NO_COMMON_BLOCKS = YES;
				GCC_OPTIMIZATION_LEVEL = 0;
				GCC_PREPROCESSOR_DEFINITIONS = (
					"DEBUG=1",
					"$(inherited)",
				);
				GCC_WARN_64_TO_32_BIT_CONVERSION = YES;
				GCC_WARN_ABOUT_RETURN_TYPE = YES_ERROR;
				GCC_WARN_UNDECLARED_SELECTOR = YES;
				GCC_WARN_UNINITIALIZED_AUTOS = YES_AGGRESSIVE;
				GCC_WARN_UNUSED_FUNCTION = YES;
				GCC_WARN_UNUSED_VARIABLE = YES;
				IPHONEOS_DEPLOYMENT_TARGET = 11.3;
				MTL_ENABLE_DEBUG_INFO = YES;
				ONLY_ACTIVE_ARCH = YES;
				SDKROOT = iphoneos;
				SWIFT_ACTIVE_COMPILATION_CONDITIONS = DEBUG;
				SWIFT_OPTIMIZATION_LEVEL = "-Onone";
			};
			name = Debug;
		};
		48263BE6207CCDB8008B1E81 /* Release */ = {
			isa = XCBuildConfiguration;
			buildSettings = {
				ALWAYS_SEARCH_USER_PATHS = NO;
				CLANG_ANALYZER_NONNULL = YES;
				CLANG_ANALYZER_NUMBER_OBJECT_CONVERSION = YES_AGGRESSIVE;
				CLANG_CXX_LANGUAGE_STANDARD = "gnu++14";
				CLANG_CXX_LIBRARY = "libc++";
				CLANG_ENABLE_MODULES = YES;
				CLANG_ENABLE_OBJC_ARC = YES;
				CLANG_ENABLE_OBJC_WEAK = YES;
				CLANG_WARN_BLOCK_CAPTURE_AUTORELEASING = YES;
				CLANG_WARN_BOOL_CONVERSION = YES;
				CLANG_WARN_COMMA = YES;
				CLANG_WARN_CONSTANT_CONVERSION = YES;
				CLANG_WARN_DEPRECATED_OBJC_IMPLEMENTATIONS = YES;
				CLANG_WARN_DIRECT_OBJC_ISA_USAGE = YES_ERROR;
				CLANG_WARN_DOCUMENTATION_COMMENTS = YES;
				CLANG_WARN_EMPTY_BODY = YES;
				CLANG_WARN_ENUM_CONVERSION = YES;
				CLANG_WARN_INFINITE_RECURSION = YES;
				CLANG_WARN_INT_CONVERSION = YES;
				CLANG_WARN_NON_LITERAL_NULL_CONVERSION = YES;
				CLANG_WARN_OBJC_IMPLICIT_RETAIN_SELF = YES;
				CLANG_WARN_OBJC_LITERAL_CONVERSION = YES;
				CLANG_WARN_OBJC_ROOT_CLASS = YES_ERROR;
				CLANG_WARN_RANGE_LOOP_ANALYSIS = YES;
				CLANG_WARN_STRICT_PROTOTYPES = YES;
				CLANG_WARN_SUSPICIOUS_MOVE = YES;
				CLANG_WARN_UNGUARDED_AVAILABILITY = YES_AGGRESSIVE;
				CLANG_WARN_UNREACHABLE_CODE = YES;
				CLANG_WARN__DUPLICATE_METHOD_MATCH = YES;
				CODE_SIGN_IDENTITY = "iPhone Developer";
				COPY_PHASE_STRIP = NO;
				DEBUG_INFORMATION_FORMAT = "dwarf-with-dsym";
				ENABLE_NS_ASSERTIONS = NO;
				ENABLE_STRICT_OBJC_MSGSEND = YES;
				GCC_C_LANGUAGE_STANDARD = gnu11;
				GCC_NO_COMMON_BLOCKS = YES;
				GCC_WARN_64_TO_32_BIT_CONVERSION = YES;
				GCC_WARN_ABOUT_RETURN_TYPE = YES_ERROR;
				GCC_WARN_UNDECLARED_SELECTOR = YES;
				GCC_WARN_UNINITIALIZED_AUTOS = YES_AGGRESSIVE;
				GCC_WARN_UNUSED_FUNCTION = YES;
				GCC_WARN_UNUSED_VARIABLE = YES;
				IPHONEOS_DEPLOYMENT_TARGET = 11.3;
				MTL_ENABLE_DEBUG_INFO = NO;
				SDKROOT = iphoneos;
				SWIFT_COMPILATION_MODE = wholemodule;
				SWIFT_OPTIMIZATION_LEVEL = "-O";
				VALIDATE_PRODUCT = YES;
			};
			name = Release;
		};
		48263BE8207CCDB8008B1E81 /* Debug */ = {
			isa = XCBuildConfiguration;
			baseConfigurationReference = 7DBC84C82EDE79F986F9666C /* Pods-minionLogin.debug.xcconfig */;
			buildSettings = {
				ASSETCATALOG_COMPILER_APPICON_NAME = AppIcon;
				CODE_SIGN_STYLE = Automatic;
				INFOPLIST_FILE = minionLogin/Info.plist;
				LD_RUNPATH_SEARCH_PATHS = "$(inherited) @executable_path/Frameworks";
				PRODUCT_BUNDLE_IDENTIFIER = com.jasbeersingh.minionLogin;
				PRODUCT_NAME = "$(TARGET_NAME)";
				SWIFT_VERSION = 4.0;
				TARGETED_DEVICE_FAMILY = "1,2";
			};
			name = Debug;
		};
		48263BE9207CCDB8008B1E81 /* Release */ = {
			isa = XCBuildConfiguration;
			baseConfigurationReference = 0C2E9B20E5320A4162F6D98A /* Pods-minionLogin.release.xcconfig */;
			buildSettings = {
				ASSETCATALOG_COMPILER_APPICON_NAME = AppIcon;
				CODE_SIGN_STYLE = Automatic;
				INFOPLIST_FILE = minionLogin/Info.plist;
				LD_RUNPATH_SEARCH_PATHS = "$(inherited) @executable_path/Frameworks";
				PRODUCT_BUNDLE_IDENTIFIER = com.jasbeersingh.minionLogin;
				PRODUCT_NAME = "$(TARGET_NAME)";
				SWIFT_VERSION = 4.0;
				TARGETED_DEVICE_FAMILY = "1,2";
			};
			name = Release;
		};
/* End XCBuildConfiguration section */

/* Begin XCConfigurationList section */
		48263BD0207CCDB7008B1E81 /* Build configuration list for PBXProject "minionLogin" */ = {
			isa = XCConfigurationList;
			buildConfigurations = (
				48263BE5207CCDB8008B1E81 /* Debug */,
				48263BE6207CCDB8008B1E81 /* Release */,
			);
			defaultConfigurationIsVisible = 0;
			defaultConfigurationName = Release;
		};
		48263BE7207CCDB8008B1E81 /* Build configuration list for PBXNativeTarget "minionLogin" */ = {
			isa = XCConfigurationList;
			buildConfigurations = (
				48263BE8207CCDB8008B1E81 /* Debug */,
				48263BE9207CCDB8008B1E81 /* Release */,
			);
			defaultConfigurationIsVisible = 0;
			defaultConfigurationName = Release;
		};
/* End XCConfigurationList section */
	};
	rootObject = 48263BCD207CCDB7008B1E81 /* Project object */;
}
