// !$*UTF8*$!
{
	archiveVersion = 1;
	classes = {
	};
	objectVersion = 50;
	objects = {

/* Begin PBXBuildFile section */
		481C8CD220709293005812FA /* AppDelegate.swift in Sources */ = {isa = PBXBuildFile; fileRef = 481C8CD120709293005812FA /* AppDelegate.swift */; };
		481C8CD420709293005812FA /* MainVC.swift in Sources */ = {isa = PBXBuildFile; fileRef = 481C8CD320709293005812FA /* MainVC.swift */; };
		481C8CD720709293005812FA /* Main.storyboard in Resources */ = {isa = PBXBuildFile; fileRef = 481C8CD520709293005812FA /* Main.storyboard */; };
		481C8CDA20709293005812FA /* SmileyList.xcdatamodeld in Sources */ = {isa = PBXBuildFile; fileRef = 481C8CD820709293005812FA /* SmileyList.xcdatamodeld */; };
		481C8CDC20709295005812FA /* Assets.xcassets in Resources */ = {isa = PBXBuildFile; fileRef = 481C8CDB20709295005812FA /* Assets.xcassets */; };
		481C8CDF20709295005812FA /* LaunchScreen.storyboard in Resources */ = {isa = PBXBuildFile; fileRef = 481C8CDD20709295005812FA /* LaunchScreen.storyboard */; };
		481C8CE72070B786005812FA /* AddTaskVC.swift in Sources */ = {isa = PBXBuildFile; fileRef = 481C8CE62070B786005812FA /* AddTaskVC.swift */; };
/* End PBXBuildFile section */

/* Begin PBXFileReference section */
		481C8CCE20709293005812FA /* SmileyList.app */ = {isa = PBXFileReference; explicitFileType = wrapper.application; includeInIndex = 0; path = SmileyList.app; sourceTree = BUILT_PRODUCTS_DIR; };
		481C8CD120709293005812FA /* AppDelegate.swift */ = {isa = PBXFileReference; lastKnownFileType = sourcecode.swift; path = AppDelegate.swift; sourceTree = "<group>"; };
		481C8CD320709293005812FA /* MainVC.swift */ = {isa = PBXFileReference; lastKnownFileType = sourcecode.swift; path = MainVC.swift; sourceTree = "<group>"; };
		481C8CD620709293005812FA /* Base */ = {isa = PBXFileReference; lastKnownFileType = file.storyboard; name = Base; path = Base.lproj/Main.storyboard; sourceTree = "<group>"; };
		481C8CD920709293005812FA /* SmileyList.xcdatamodel */ = {isa = PBXFileReference; lastKnownFileType = wrapper.xcdatamodel; path = SmileyList.xcdatamodel; sourceTree = "<group>"; };
		481C8CDB20709295005812FA /* Assets.xcassets */ = {isa = PBXFileReference; lastKnownFileType = folder.assetcatalog; path = Assets.xcassets; sourceTree = "<group>"; };
		481C8CDE20709295005812FA /* Base */ = {isa = PBXFileReference; lastKnownFileType = file.storyboard; name = Base; path = Base.lproj/LaunchScreen.storyboard; sourceTree = "<group>"; };
		481C8CE020709295005812FA /* Info.plist */ = {isa = PBXFileReference; lastKnownFileType = text.plist.xml; path = Info.plist; sourceTree = "<group>"; };
		481C8CE62070B786005812FA /* AddTaskVC.swift */ = {isa = PBXFileReference; lastKnownFileType = sourcecode.swift; path = AddTaskVC.swift; sourceTree = "<group>"; };
/* End PBXFileReference section */

/* Begin PBXFrameworksBuildPhase section */
		481C8CCB20709293005812FA /* Frameworks */ = {
			isa = PBXFrameworksBuildPhase;
			buildActionMask = 2147483647;
			files = (
			);
			runOnlyForDeploymentPostprocessing = 0;
		};
/* End PBXFrameworksBuildPhase section */

/* Begin PBXGroup section */
		481C8CC520709293005812FA = {
			isa = PBXGroup;
			children = (
				481C8CD020709293005812FA /* SmileyList */,
				481C8CCF20709293005812FA /* Products */,
			);
			sourceTree = "<group>";
		};
		481C8CCF20709293005812FA /* Products */ = {
			isa = PBXGroup;
			children = (
				481C8CCE20709293005812FA /* SmileyList.app */,
			);
			name = Products;
			sourceTree = "<group>";
		};
		481C8CD020709293005812FA /* SmileyList */ = {
			isa = PBXGroup;
			children = (
				481C8CD120709293005812FA /* AppDelegate.swift */,
				481C8CD320709293005812FA /* MainVC.swift */,
				481C8CE62070B786005812FA /* AddTaskVC.swift */,
				481C8CD520709293005812FA /* Main.storyboard */,
				481C8CDB20709295005812FA /* Assets.xcassets */,
				481C8CDD20709295005812FA /* LaunchScreen.storyboard */,
				481C8CE020709295005812FA /* Info.plist */,
				481C8CD820709293005812FA /* SmileyList.xcdatamodeld */,
			);
			path = SmileyList;
			sourceTree = "<group>";
		};
/* End PBXGroup section */

/* Begin PBXNativeTarget section */
		481C8CCD20709293005812FA /* SmileyList */ = {
			isa = PBXNativeTarget;
			buildConfigurationList = 481C8CE320709295005812FA /* Build configuration list for PBXNativeTarget "SmileyList" */;
			buildPhases = (
				481C8CCA20709293005812FA /* Sources */,
				481C8CCB20709293005812FA /* Frameworks */,
				481C8CCC20709293005812FA /* Resources */,
			);
			buildRules = (
			);
			dependencies = (
			);
			name = SmileyList;
			productName = SmileyList;
			productReference = 481C8CCE20709293005812FA /* SmileyList.app */;
			productType = "com.apple.product-type.application";
		};
/* End PBXNativeTarget section */

/* Begin PBXProject section */
		481C8CC620709293005812FA /* Project object */ = {
			isa = PBXProject;
			attributes = {
				LastSwiftUpdateCheck = 0930;
				LastUpgradeCheck = 0930;
				ORGANIZATIONNAME = "Jasbeer Singh";
				TargetAttributes = {
					481C8CCD20709293005812FA = {
						CreatedOnToolsVersion = 9.3;
					};
				};
			};
			buildConfigurationList = 481C8CC920709293005812FA /* Build configuration list for PBXProject "SmileyList" */;
			compatibilityVersion = "Xcode 9.3";
			developmentRegion = en;
			hasScannedForEncodings = 0;
			knownRegions = (
				en,
				Base,
			);
			mainGroup = 481C8CC520709293005812FA;
			productRefGroup = 481C8CCF20709293005812FA /* Products */;
			projectDirPath = "";
			projectRoot = "";
			targets = (
				481C8CCD20709293005812FA /* SmileyList */,
			);
		};
/* End PBXProject section */

/* Begin PBXResourcesBuildPhase section */
		481C8CCC20709293005812FA /* Resources */ = {
			isa = PBXResourcesBuildPhase;
			buildActionMask = 2147483647;
			files = (
				481C8CDF20709295005812FA /* LaunchScreen.storyboard in Resources */,
				481C8CDC20709295005812FA /* Assets.xcassets in Resources */,
				481C8CD720709293005812FA /* Main.storyboard in Resources */,
			);
			runOnlyForDeploymentPostprocessing = 0;
		};
/* End PBXResourcesBuildPhase section */

/* Begin PBXSourcesBuildPhase section */
		481C8CCA20709293005812FA /* Sources */ = {
			isa = PBXSourcesBuildPhase;
			buildActionMask = 2147483647;
			files = (
				481C8CD420709293005812FA /* MainVC.swift in Sources */,
				481C8CD220709293005812FA /* AppDelegate.swift in Sources */,
				481C8CDA20709293005812FA /* SmileyList.xcdatamodeld in Sources */,
				481C8CE72070B786005812FA /* AddTaskVC.swift in Sources */,
			);
			runOnlyForDeploymentPostprocessing = 0;
		};
/* End PBXSourcesBuildPhase section */

/* Begin PBXVariantGroup section */
		481C8CD520709293005812FA /* Main.storyboard */ = {
			isa = PBXVariantGroup;
			children = (
				481C8CD620709293005812FA /* Base */,
			);
			name = Main.storyboard;
			sourceTree = "<group>";
		};
		481C8CDD20709295005812FA /* LaunchScreen.storyboard */ = {
			isa = PBXVariantGroup;
			children = (
				481C8CDE20709295005812FA /* Base */,
			);
			name = LaunchScreen.storyboard;
			sourceTree = "<group>";
		};
/* End PBXVariantGroup section */

/* Begin XCBuildConfiguration section */
		481C8CE120709295005812FA /* Debug */ = {
			isa = XCBuildConfiguration;
			buildSettings = {
				ALWAYS_SEARCH_USER_PATHS = NO;
				CLANG_ANALYZER_NONNULL = YES;
				CLANG_ANALYZER_NUMBER_OBJECT_CONVERSION = YES_AGGRESSIVE;
				CLANG_CXX_LANGUAGE_STANDARD = "gnu++14";
				CLANG_CXX_LIBRARY = "libc++";
				CLANG_ENABLE_MODULES = YES;
				CLANG_ENABLE_OBJC_ARC = YES;
				CLANG_ENABLE_OBJC_WEAK = YES;
				CLANG_WARN_BLOCK_CAPTURE_AUTORELEASING = YES;
				CLANG_WARN_BOOL_CONVERSION = YES;
				CLANG_WARN_COMMA = YES;
				CLANG_WARN_CONSTANT_CONVERSION = YES;
				CLANG_WARN_DEPRECATED_OBJC_IMPLEMENTATIONS = YES;
				CLANG_WARN_DIRECT_OBJC_ISA_USAGE = YES_ERROR;
				CLANG_WARN_DOCUMENTATION_COMMENTS = YES;
				CLANG_WARN_EMPTY_BODY = YES;
				CLANG_WARN_ENUM_CONVERSION = YES;
				CLANG_WARN_INFINITE_RECURSION = YES;
				CLANG_WARN_INT_CONVERSION = YES;
				CLANG_WARN_NON_LITERAL_NULL_CONVERSION = YES;
				CLANG_WARN_OBJC_IMPLICIT_RETAIN_SELF = YES;
				CLANG_WARN_OBJC_LITERAL_CONVERSION = YES;
				CLANG_WARN_OBJC_ROOT_CLASS = YES_ERROR;
				CLANG_WARN_RANGE_LOOP_ANALYSIS = YES;
				CLANG_WARN_STRICT_PROTOTYPES = YES;
				CLANG_WARN_SUSPICIOUS_MOVE = YES;
				CLANG_WARN_UNGUARDED_AVAILABILITY = YES_AGGRESSIVE;
				CLANG_WARN_UNREACHABLE_CODE = YES;
				CLANG_WARN__DUPLICATE_METHOD_MATCH = YES;
				CODE_SIGN_IDENTITY = "iPhone Developer";
				COPY_PHASE_STRIP = NO;
				DEBUG_INFORMATION_FORMAT = dwarf;
				ENABLE_STRICT_OBJC_MSGSEND = YES;
				ENABLE_TESTABILITY = YES;
				GCC_C_LANGUAGE_STANDARD = gnu11;
				GCC_DYNAMIC_NO_PIC = NO;
				GCC_NO_COMMON_BLOCKS = YES;
				GCC_OPTIMIZATION_LEVEL = 0;
				GCC_PREPROCESSOR_DEFINITIONS = (
					"DEBUG=1",
					"$(inherited)",
				);
				GCC_WARN_64_TO_32_BIT_CONVERSION = YES;
				GCC_WARN_ABOUT_RETURN_TYPE = YES_ERROR;
				GCC_WARN_UNDECLARED_SELECTOR = YES;
				GCC_WARN_UNINITIALIZED_AUTOS = YES_AGGRESSIVE;
				GCC_WARN_UNUSED_FUNCTION = YES;
				GCC_WARN_UNUSED_VARIABLE = YES;
				IPHONEOS_DEPLOYMENT_TARGET = 11.3;
				MTL_ENABLE_DEBUG_INFO = YES;
				ONLY_ACTIVE_ARCH = YES;
				SDKROOT = iphoneos;
				SWIFT_ACTIVE_COMPILATION_CONDITIONS = DEBUG;
				SWIFT_OPTIMIZATION_LEVEL = "-Onone";
			};
			name = Debug;
		};
		481C8CE220709295005812FA /* Release */ = {
			isa = XCBuildConfiguration;
			buildSettings = {
				ALWAYS_SEARCH_USER_PATHS = NO;
				CLANG_ANALYZER_NONNULL = YES;
				CLANG_ANALYZER_NUMBER_OBJECT_CONVERSION = YES_AGGRESSIVE;
				CLANG_CXX_LANGUAGE_STANDARD = "gnu++14";
				CLANG_CXX_LIBRARY = "libc++";
				CLANG_ENABLE_MODULES = YES;
				CLANG_ENABLE_OBJC_ARC = YES;
				CLANG_ENABLE_OBJC_WEAK = YES;
				CLANG_WARN_BLOCK_CAPTURE_AUTORELEASING = YES;
				CLANG_WARN_BOOL_CONVERSION = YES;
				CLANG_WARN_COMMA = YES;
				CLANG_WARN_CONSTANT_CONVERSION = YES;
				CLANG_WARN_DEPRECATED_OBJC_IMPLEMENTATIONS = YES;
				CLANG_WARN_DIRECT_OBJC_ISA_USAGE = YES_ERROR;
				CLANG_WARN_DOCUMENTATION_COMMENTS = YES;
				CLANG_WARN_EMPTY_BODY = YES;
				CLANG_WARN_ENUM_CONVERSION = YES;
				CLANG_WARN_INFINITE_RECURSION = YES;
				CLANG_WARN_INT_CONVERSION = YES;
				CLANG_WARN_NON_LITERAL_NULL_CONVERSION = YES;
				CLANG_WARN_OBJC_IMPLICIT_RETAIN_SELF = YES;
				CLANG_WARN_OBJC_LITERAL_CONVERSION = YES;
				CLANG_WARN_OBJC_ROOT_CLASS = YES_ERROR;
				CLANG_WARN_RANGE_LOOP_ANALYSIS = YES;
				CLANG_WARN_STRICT_PROTOTYPES = YES;
				CLANG_WARN_SUSPICIOUS_MOVE = YES;
				CLANG_WARN_UNGUARDED_AVAILABILITY = YES_AGGRESSIVE;
				CLANG_WARN_UNREACHABLE_CODE = YES;
				CLANG_WARN__DUPLICATE_METHOD_MATCH = YES;
				CODE_SIGN_IDENTITY = "iPhone Developer";
				COPY_PHASE_STRIP = NO;
				DEBUG_INFORMATION_FORMAT = "dwarf-with-dsym";
				ENABLE_NS_ASSERTIONS = NO;
				ENABLE_STRICT_OBJC_MSGSEND = YES;
				GCC_C_LANGUAGE_STANDARD = gnu11;
				GCC_NO_COMMON_BLOCKS = YES;
				GCC_WARN_64_TO_32_BIT_CONVERSION = YES;
				GCC_WARN_ABOUT_RETURN_TYPE = YES_ERROR;
				GCC_WARN_UNDECLARED_SELECTOR = YES;
				GCC_WARN_UNINITIALIZED_AUTOS = YES_AGGRESSIVE;
				GCC_WARN_UNUSED_FUNCTION = YES;
				GCC_WARN_UNUSED_VARIABLE = YES;
				IPHONEOS_DEPLOYMENT_TARGET = 11.3;
				MTL_ENABLE_DEBUG_INFO = NO;
				SDKROOT = iphoneos;
				SWIFT_COMPILATION_MODE = wholemodule;
				SWIFT_OPTIMIZATION_LEVEL = "-O";
				VALIDATE_PRODUCT = YES;
			};
			name = Release;
		};
		481C8CE420709295005812FA /* Debug */ = {
			isa = XCBuildConfiguration;
			buildSettings = {
				ASSETCATALOG_COMPILER_APPICON_NAME = AppIcon;
				CODE_SIGN_STYLE = Automatic;
				DEVELOPMENT_TEAM = 5CG2MDFGM8;
				INFOPLIST_FILE = SmileyList/Info.plist;
				IPHONEOS_DEPLOYMENT_TARGET = 11.0;
				LD_RUNPATH_SEARCH_PATHS = (
					"$(inherited)",
					"@executable_path/Frameworks",
				);
				PRODUCT_BUNDLE_IDENTIFIER = com.ignesus.SmileyList;
				PRODUCT_NAME = "$(TARGET_NAME)";
				SWIFT_VERSION = 4.0;
				TARGETED_DEVICE_FAMILY = "1,2";
			};
			name = Debug;
		};
		481C8CE520709295005812FA /* Release */ = {
			isa = XCBuildConfiguration;
			buildSettings = {
				ASSETCATALOG_COMPILER_APPICON_NAME = AppIcon;
				CODE_SIGN_STYLE = Automatic;
				DEVELOPMENT_TEAM = 5CG2MDFGM8;
				INFOPLIST_FILE = SmileyList/Info.plist;
				IPHONEOS_DEPLOYMENT_TARGET = 11.0;
				LD_RUNPATH_SEARCH_PATHS = (
					"$(inherited)",
					"@executable_path/Frameworks",
				);
				PRODUCT_BUNDLE_IDENTIFIER = com.ignesus.SmileyList;
				PRODUCT_NAME = "$(TARGET_NAME)";
				SWIFT_VERSION = 4.0;
				TARGETED_DEVICE_FAMILY = "1,2";
			};
			name = Release;
		};
/* End XCBuildConfiguration section */

/* Begin XCConfigurationList section */
		481C8CC920709293005812FA /* Build configuration list for PBXProject "SmileyList" */ = {
			isa = XCConfigurationList;
			buildConfigurations = (
				481C8CE120709295005812FA /* Debug */,
				481C8CE220709295005812FA /* Release */,
			);
			defaultConfigurationIsVisible = 0;
			defaultConfigurationName = Release;
		};
		481C8CE320709295005812FA /* Build configuration list for PBXNativeTarget "SmileyList" */ = {
			isa = XCConfigurationList;
			buildConfigurations = (
				481C8CE420709295005812FA /* Debug */,
				481C8CE520709295005812FA /* Release */,
			);
			defaultConfigurationIsVisible = 0;
			defaultConfigurationName = Release;
		};
/* End XCConfigurationList section */

/* Begin XCVersionGroup section */
		481C8CD820709293005812FA /* SmileyList.xcdatamodeld */ = {
			isa = XCVersionGroup;
			children = (
				481C8CD920709293005812FA /* SmileyList.xcdatamodel */,
			);
			currentVersion = 481C8CD920709293005812FA /* SmileyList.xcdatamodel */;
			path = SmileyList.xcdatamodeld;
			sourceTree = "<group>";
			versionGroupType = wrapper.xcdatamodel;
		};
/* End XCVersionGroup section */
	};
	rootObject = 481C8CC620709293005812FA /* Project object */;
}
