// !$*UTF8*$!
{
	archiveVersion = 1;
	classes = {
	};
	objectVersion = 50;
	objects = {

/* Begin PBXBuildFile section */
		4874AAF1206A74AE00B5B0F0 /* AppDelegate.swift in Sources */ = {isa = PBXBuildFile; fileRef = 4874AAF0206A74AE00B5B0F0 /* AppDelegate.swift */; };
		4874AAF3206A74AE00B5B0F0 /* ViewController.swift in Sources */ = {isa = PBXBuildFile; fileRef = 4874AAF2206A74AE00B5B0F0 /* ViewController.swift */; };
		4874AAF6206A74AE00B5B0F0 /* Main.storyboard in Resources */ = {isa = PBXBuildFile; fileRef = 4874AAF4206A74AE00B5B0F0 /* Main.storyboard */; };
		4874AAF8206A74AF00B5B0F0 /* Assets.xcassets in Resources */ = {isa = PBXBuildFile; fileRef = 4874AAF7206A74AF00B5B0F0 /* Assets.xcassets */; };
		4874AAFB206A74AF00B5B0F0 /* LaunchScreen.storyboard in Resources */ = {isa = PBXBuildFile; fileRef = 4874AAF9206A74AF00B5B0F0 /* LaunchScreen.storyboard */; };
		4874AB03206A761600B5B0F0 /* round.swift in Sources */ = {isa = PBXBuildFile; fileRef = 4874AB02206A761600B5B0F0 /* round.swift */; };
/* End PBXBuildFile section */

/* Begin PBXFileReference section */
		4874AAED206A74AE00B5B0F0 /* buttonCircles.app */ = {isa = PBXFileReference; explicitFileType = wrapper.application; includeInIndex = 0; path = buttonCircles.app; sourceTree = BUILT_PRODUCTS_DIR; };
		4874AAF0206A74AE00B5B0F0 /* AppDelegate.swift */ = {isa = PBXFileReference; lastKnownFileType = sourcecode.swift; path = AppDelegate.swift; sourceTree = "<group>"; };
		4874AAF2206A74AE00B5B0F0 /* ViewController.swift */ = {isa = PBXFileReference; lastKnownFileType = sourcecode.swift; path = ViewController.swift; sourceTree = "<group>"; };
		4874AAF5206A74AE00B5B0F0 /* Base */ = {isa = PBXFileReference; lastKnownFileType = file.storyboard; name = Base; path = Base.lproj/Main.storyboard; sourceTree = "<group>"; };
		4874AAF7206A74AF00B5B0F0 /* Assets.xcassets */ = {isa = PBXFileReference; lastKnownFileType = folder.assetcatalog; path = Assets.xcassets; sourceTree = "<group>"; };
		4874AAFA206A74AF00B5B0F0 /* Base */ = {isa = PBXFileReference; lastKnownFileType = file.storyboard; name = Base; path = Base.lproj/LaunchScreen.storyboard; sourceTree = "<group>"; };
		4874AAFC206A74AF00B5B0F0 /* Info.plist */ = {isa = PBXFileReference; lastKnownFileType = text.plist.xml; path = Info.plist; sourceTree = "<group>"; };
		4874AB02206A761600B5B0F0 /* round.swift */ = {isa = PBXFileReference; lastKnownFileType = sourcecode.swift; path = round.swift; sourceTree = "<group>"; };
/* End PBXFileReference section */

/* Begin PBXFrameworksBuildPhase section */
		4874AAEA206A74AE00B5B0F0 /* Frameworks */ = {
			isa = PBXFrameworksBuildPhase;
			buildActionMask = 2147483647;
			files = (
			);
			runOnlyForDeploymentPostprocessing = 0;
		};
/* End PBXFrameworksBuildPhase section */

/* Begin PBXGroup section */
		4874AAE4206A74AE00B5B0F0 = {
			isa = PBXGroup;
			children = (
				4874AAEF206A74AE00B5B0F0 /* buttonCircles */,
				4874AAEE206A74AE00B5B0F0 /* Products */,
			);
			sourceTree = "<group>";
		};
		4874AAEE206A74AE00B5B0F0 /* Products */ = {
			isa = PBXGroup;
			children = (
				4874AAED206A74AE00B5B0F0 /* buttonCircles.app */,
			);
			name = Products;
			sourceTree = "<group>";
		};
		4874AAEF206A74AE00B5B0F0 /* buttonCircles */ = {
			isa = PBXGroup;
			children = (
				4874AAF0206A74AE00B5B0F0 /* AppDelegate.swift */,
				4874AAF2206A74AE00B5B0F0 /* ViewController.swift */,
				4874AB02206A761600B5B0F0 /* round.swift */,
				4874AAF4206A74AE00B5B0F0 /* Main.storyboard */,
				4874AAF7206A74AF00B5B0F0 /* Assets.xcassets */,
				4874AAF9206A74AF00B5B0F0 /* LaunchScreen.storyboard */,
				4874AAFC206A74AF00B5B0F0 /* Info.plist */,
			);
			path = buttonCircles;
			sourceTree = "<group>";
		};
/* End PBXGroup section */

/* Begin PBXNativeTarget section */
		4874AAEC206A74AE00B5B0F0 /* buttonCircles */ = {
			isa = PBXNativeTarget;
			buildConfigurationList = 4874AAFF206A74AF00B5B0F0 /* Build configuration list for PBXNativeTarget "buttonCircles" */;
			buildPhases = (
				4874AAE9206A74AE00B5B0F0 /* Sources */,
				4874AAEA206A74AE00B5B0F0 /* Frameworks */,
				4874AAEB206A74AE00B5B0F0 /* Resources */,
			);
			buildRules = (
			);
			dependencies = (
			);
			name = buttonCircles;
			productName = buttonCircles;
			productReference = 4874AAED206A74AE00B5B0F0 /* buttonCircles.app */;
			productType = "com.apple.product-type.application";
		};
/* End PBXNativeTarget section */

/* Begin PBXProject section */
		4874AAE5206A74AE00B5B0F0 /* Project object */ = {
			isa = PBXProject;
			attributes = {
				LastSwiftUpdateCheck = 0930;
				LastUpgradeCheck = 0930;
				ORGANIZATIONNAME = "Jasbeer Singh";
				TargetAttributes = {
					4874AAEC206A74AE00B5B0F0 = {
						CreatedOnToolsVersion = 9.3;
					};
				};
			};
			buildConfigurationList = 4874AAE8206A74AE00B5B0F0 /* Build configuration list for PBXProject "buttonCircles" */;
			compatibilityVersion = "Xcode 9.3";
			developmentRegion = en;
			hasScannedForEncodings = 0;
			knownRegions = (
				en,
				Base,
			);
			mainGroup = 4874AAE4206A74AE00B5B0F0;
			productRefGroup = 4874AAEE206A74AE00B5B0F0 /* Products */;
			projectDirPath = "";
			projectRoot = "";
			targets = (
				4874AAEC206A74AE00B5B0F0 /* buttonCircles */,
			);
		};
/* End PBXProject section */

/* Begin PBXResourcesBuildPhase section */
		4874AAEB206A74AE00B5B0F0 /* Resources */ = {
			isa = PBXResourcesBuildPhase;
			buildActionMask = 2147483647;
			files = (
				4874AAFB206A74AF00B5B0F0 /* LaunchScreen.storyboard in Resources */,
				4874AAF8206A74AF00B5B0F0 /* Assets.xcassets in Resources */,
				4874AAF6206A74AE00B5B0F0 /* Main.storyboard in Resources */,
			);
			runOnlyForDeploymentPostprocessing = 0;
		};
/* End PBXResourcesBuildPhase section */

/* Begin PBXSourcesBuildPhase section */
		4874AAE9206A74AE00B5B0F0 /* Sources */ = {
			isa = PBXSourcesBuildPhase;
			buildActionMask = 2147483647;
			files = (
				4874AAF3206A74AE00B5B0F0 /* ViewController.swift in Sources */,
				4874AAF1206A74AE00B5B0F0 /* AppDelegate.swift in Sources */,
				4874AB03206A761600B5B0F0 /* round.swift in Sources */,
			);
			runOnlyForDeploymentPostprocessing = 0;
		};
/* End PBXSourcesBuildPhase section */

/* Begin PBXVariantGroup section */
		4874AAF4206A74AE00B5B0F0 /* Main.storyboard */ = {
			isa = PBXVariantGroup;
			children = (
				4874AAF5206A74AE00B5B0F0 /* Base */,
			);
			name = Main.storyboard;
			sourceTree = "<group>";
		};
		4874AAF9206A74AF00B5B0F0 /* LaunchScreen.storyboard */ = {
			isa = PBXVariantGroup;
			children = (
				4874AAFA206A74AF00B5B0F0 /* Base */,
			);
			name = LaunchScreen.storyboard;
			sourceTree = "<group>";
		};
/* End PBXVariantGroup section */

/* Begin XCBuildConfiguration section */
		4874AAFD206A74AF00B5B0F0 /* Debug */ = {
			isa = XCBuildConfiguration;
			buildSettings = {
				ALWAYS_SEARCH_USER_PATHS = NO;
				CLANG_ANALYZER_NONNULL = YES;
				CLANG_ANALYZER_NUMBER_OBJECT_CONVERSION = YES_AGGRESSIVE;
				CLANG_CXX_LANGUAGE_STANDARD = "gnu++14";
				CLANG_CXX_LIBRARY = "libc++";
				CLANG_ENABLE_MODULES = YES;
				CLANG_ENABLE_OBJC_ARC = YES;
				CLANG_ENABLE_OBJC_WEAK = YES;
				CLANG_WARN_BLOCK_CAPTURE_AUTORELEASING = YES;
				CLANG_WARN_BOOL_CONVERSION = YES;
				CLANG_WARN_COMMA = YES;
				CLANG_WARN_CONSTANT_CONVERSION = YES;
				CLANG_WARN_DEPRECATED_OBJC_IMPLEMENTATIONS = YES;
				CLANG_WARN_DIRECT_OBJC_ISA_USAGE = YES_ERROR;
				CLANG_WARN_DOCUMENTATION_COMMENTS = YES;
				CLANG_WARN_EMPTY_BODY = YES;
				CLANG_WARN_ENUM_CONVERSION = YES;
				CLANG_WARN_INFINITE_RECURSION = YES;
				CLANG_WARN_INT_CONVERSION = YES;
				CLANG_WARN_NON_LITERAL_NULL_CONVERSION = YES;
				CLANG_WARN_OBJC_IMPLICIT_RETAIN_SELF = YES;
				CLANG_WARN_OBJC_LITERAL_CONVERSION = YES;
				CLANG_WARN_OBJC_ROOT_CLASS = YES_ERROR;
				CLANG_WARN_RANGE_LOOP_ANALYSIS = YES;
				CLANG_WARN_STRICT_PROTOTYPES = YES;
				CLANG_WARN_SUSPICIOUS_MOVE = YES;
				CLANG_WARN_UNGUARDED_AVAILABILITY = YES_AGGRESSIVE;
				CLANG_WARN_UNREACHABLE_CODE = YES;
				CLANG_WARN__DUPLICATE_METHOD_MATCH = YES;
				CODE_SIGN_IDENTITY = "iPhone Developer";
				COPY_PHASE_STRIP = NO;
				DEBUG_INFORMATION_FORMAT = dwarf;
				ENABLE_STRICT_OBJC_MSGSEND = YES;
				ENABLE_TESTABILITY = YES;
				GCC_C_LANGUAGE_STANDARD = gnu11;
				GCC_DYNAMIC_NO_PIC = NO;
				GCC_NO_COMMON_BLOCKS = YES;
				GCC_OPTIMIZATION_LEVEL = 0;
				GCC_PREPROCESSOR_DEFINITIONS = (
					"DEBUG=1",
					"$(inherited)",
				);
				GCC_WARN_64_TO_32_BIT_CONVERSION = YES;
				GCC_WARN_ABOUT_RETURN_TYPE = YES_ERROR;
				GCC_WARN_UNDECLARED_SELECTOR = YES;
				GCC_WARN_UNINITIALIZED_AUTOS = YES_AGGRESSIVE;
				GCC_WARN_UNUSED_FUNCTION = YES;
				GCC_WARN_UNUSED_VARIABLE = YES;
				IPHONEOS_DEPLOYMENT_TARGET = 11.3;
				MTL_ENABLE_DEBUG_INFO = YES;
				ONLY_ACTIVE_ARCH = YES;
				SDKROOT = iphoneos;
				SWIFT_ACTIVE_COMPILATION_CONDITIONS = DEBUG;
				SWIFT_OPTIMIZATION_LEVEL = "-Onone";
			};
			name = Debug;
		};
		4874AAFE206A74AF00B5B0F0 /* Release */ = {
			isa = XCBuildConfiguration;
			buildSettings = {
				ALWAYS_SEARCH_USER_PATHS = NO;
				CLANG_ANALYZER_NONNULL = YES;
				CLANG_ANALYZER_NUMBER_OBJECT_CONVERSION = YES_AGGRESSIVE;
				CLANG_CXX_LANGUAGE_STANDARD = "gnu++14";
				CLANG_CXX_LIBRARY = "libc++";
				CLANG_ENABLE_MODULES = YES;
				CLANG_ENABLE_OBJC_ARC = YES;
				CLANG_ENABLE_OBJC_WEAK = YES;
				CLANG_WARN_BLOCK_CAPTURE_AUTORELEASING = YES;
				CLANG_WARN_BOOL_CONVERSION = YES;
				CLANG_WARN_COMMA = YES;
				CLANG_WARN_CONSTANT_CONVERSION = YES;
				CLANG_WARN_DEPRECATED_OBJC_IMPLEMENTATIONS = YES;
				CLANG_WARN_DIRECT_OBJC_ISA_USAGE = YES_ERROR;
				CLANG_WARN_DOCUMENTATION_COMMENTS = YES;
				CLANG_WARN_EMPTY_BODY = YES;
				CLANG_WARN_ENUM_CONVERSION = YES;
				CLANG_WARN_INFINITE_RECURSION = YES;
				CLANG_WARN_INT_CONVERSION = YES;
				CLANG_WARN_NON_LITERAL_NULL_CONVERSION = YES;
				CLANG_WARN_OBJC_IMPLICIT_RETAIN_SELF = YES;
				CLANG_WARN_OBJC_LITERAL_CONVERSION = YES;
				CLANG_WARN_OBJC_ROOT_CLASS = YES_ERROR;
				CLANG_WARN_RANGE_LOOP_ANALYSIS = YES;
				CLANG_WARN_STRICT_PROTOTYPES = YES;
				CLANG_WARN_SUSPICIOUS_MOVE = YES;
				CLANG_WARN_UNGUARDED_AVAILABILITY = YES_AGGRESSIVE;
				CLANG_WARN_UNREACHABLE_CODE = YES;
				CLANG_WARN__DUPLICATE_METHOD_MATCH = YES;
				CODE_SIGN_IDENTITY = "iPhone Developer";
				COPY_PHASE_STRIP = NO;
				DEBUG_INFORMATION_FORMAT = "dwarf-with-dsym";
				ENABLE_NS_ASSERTIONS = NO;
				ENABLE_STRICT_OBJC_MSGSEND = YES;
				GCC_C_LANGUAGE_STANDARD = gnu11;
				GCC_NO_COMMON_BLOCKS = YES;
				GCC_WARN_64_TO_32_BIT_CONVERSION = YES;
				GCC_WARN_ABOUT_RETURN_TYPE = YES_ERROR;
				GCC_WARN_UNDECLARED_SELECTOR = YES;
				GCC_WARN_UNINITIALIZED_AUTOS = YES_AGGRESSIVE;
				GCC_WARN_UNUSED_FUNCTION = YES;
				GCC_WARN_UNUSED_VARIABLE = YES;
				IPHONEOS_DEPLOYMENT_TARGET = 11.3;
				MTL_ENABLE_DEBUG_INFO = NO;
				SDKROOT = iphoneos;
				SWIFT_COMPILATION_MODE = wholemodule;
				SWIFT_OPTIMIZATION_LEVEL = "-O";
				VALIDATE_PRODUCT = YES;
			};
			name = Release;
		};
		4874AB00206A74AF00B5B0F0 /* Debug */ = {
			isa = XCBuildConfiguration;
			buildSettings = {
				ASSETCATALOG_COMPILER_APPICON_NAME = AppIcon;
				CODE_SIGN_STYLE = Automatic;
				INFOPLIST_FILE = buttonCircles/Info.plist;
				LD_RUNPATH_SEARCH_PATHS = (
					"$(inherited)",
					"@executable_path/Frameworks",
				);
				PRODUCT_BUNDLE_IDENTIFIER = com.ignesus.buttonCircles;
				PRODUCT_NAME = "$(TARGET_NAME)";
				SWIFT_VERSION = 4.0;
				TARGETED_DEVICE_FAMILY = "1,2";
			};
			name = Debug;
		};
		4874AB01206A74AF00B5B0F0 /* Release */ = {
			isa = XCBuildConfiguration;
			buildSettings = {
				ASSETCATALOG_COMPILER_APPICON_NAME = AppIcon;
				CODE_SIGN_STYLE = Automatic;
				INFOPLIST_FILE = buttonCircles/Info.plist;
				LD_RUNPATH_SEARCH_PATHS = (
					"$(inherited)",
					"@executable_path/Frameworks",
				);
				PRODUCT_BUNDLE_IDENTIFIER = com.ignesus.buttonCircles;
				PRODUCT_NAME = "$(TARGET_NAME)";
				SWIFT_VERSION = 4.0;
				TARGETED_DEVICE_FAMILY = "1,2";
			};
			name = Release;
		};
/* End XCBuildConfiguration section */

/* Begin XCConfigurationList section */
		4874AAE8206A74AE00B5B0F0 /* Build configuration list for PBXProject "buttonCircles" */ = {
			isa = XCConfigurationList;
			buildConfigurations = (
				4874AAFD206A74AF00B5B0F0 /* Debug */,
				4874AAFE206A74AF00B5B0F0 /* Release */,
			);
			defaultConfigurationIsVisible = 0;
			defaultConfigurationName = Release;
		};
		4874AAFF206A74AF00B5B0F0 /* Build configuration list for PBXNativeTarget "buttonCircles" */ = {
			isa = XCConfigurationList;
			buildConfigurations = (
				4874AB00206A74AF00B5B0F0 /* Debug */,
				4874AB01206A74AF00B5B0F0 /* Release */,
			);
			defaultConfigurationIsVisible = 0;
			defaultConfigurationName = Release;
		};
/* End XCConfigurationList section */
	};
	rootObject = 4874AAE5206A74AE00B5B0F0 /* Project object */;
}
